
Microsoft Visual Studio Solution File, Format Version 12.00
# Visual Studio Version 16
VisualStudioVersion = 16.0.32002.261
MinimumVisualStudioVersion = 10.0.40219.1
Project("{FAE04EC0-301F-11D3-BF4B-00C04F79EFBC}") = "Forca", "Forca\Forca.csproj", "{612FF98A-451A-497F-B908-AFA55E33431B}"
EndProject
Global
	GlobalSection(SolutionConfigurationPlatforms) = preSolution
		Debug|Any CPU = Debug|Any CPU
		Release|Any CPU = Release|Any CPU
	EndGlobalSection
	GlobalSection(ProjectConfigurationPlatforms) = postSolution
		{612FF98A-451A-497F-B908-AFA55E33431B}.Debug|Any CPU.ActiveCfg = Debug|Any CPU
		{612FF98A-451A-497F-B908-AFA55E33431B}.Debug|Any CPU.Build.0 = Debug|Any CPU
		{612FF98A-451A-497F-B908-AFA55E33431B}.Release|Any CPU.ActiveCfg = Release|Any CPU
		{612FF98A-451A-497F-B908-AFA55E33431B}.Release|Any CPU.Build.0 = Release|Any CPU
	EndGlobalSection
	GlobalSection(SolutionProperties) = preSolution
		HideSolutionNode = FALSE
	EndGlobalSection
	GlobalSection(ExtensibilityGlobals) = postSolution
		SolutionGuid = {8299945A-EE95-4D28-A32B-F46067268C18}
	EndGlobalSection
EndGlobal
